# This file is autogenerated, do not edit; changes may be undone by the next 'dep ensure'.


[[projects]]
  name = "github.com/blang/semver"
  packages = ["."]
  revision = "2ee87856327ba09384cabd113bc6b5d174e9ec0f"
  version = "v3.5.1"

[[projects]]
  name = "github.com/mattn/go-runewidth"
  packages = ["."]
  revision = "9e777a8366cce605130a531d2cd6363d07ad7317"
  version = "v0.0.2"

[[projects]]
  branch = "master"
  name = "github.com/olekukonko/tablewriter"
  packages = ["."]
  revision = "b8a9be070da40449e501c3c4730a889e42d87a9e"

[[projects]]
  branch = "master"
  name = "github.com/tebeka/selenium"
  packages = [
    ".",
    "chrome",
    "firefox",
    "internal/zip",
    "log"
  ]
  revision = "a789e65b0e7f126888873e84f528c1c8537dff3e"

[solve-meta]
  analyzer-name = "dep"
  analyzer-version = 1
  inputs-digest = "75c3e0167edc568a6a76489cde42f6d0add8be4ff6235c18c43d290c985f7a67"
  solver-name = "gps-cdcl"
  solver-version = 1
